
Microsoft Visual Studio Solution File, Format Version 12.00
# Visual Studio Version 17
VisualStudioVersion = 17.3.32811.315
MinimumVisualStudioVersion = 10.0.40219.1
Project("{2150E333-8FDC-42A3-9474-1A3956D46DE8}") = "src", "src", "{A0092CAB-3C26-44FD-A4C1-A3B3DFBB44DE}"
EndProject
Project("{FAE04EC0-301F-11D3-BF4B-00C04F79EFBC}") = "DiscordBot", "src\DiscordBot\DiscordBot.csproj", "{4E41838A-221B-4001-8601-052386F70793}"
EndProject
Global
	GlobalSection(SolutionConfigurationPlatforms) = preSolution
		Debug|Any CPU = Debug|Any CPU
		Release|Any CPU = Release|Any CPU
	EndGlobalSection
	GlobalSection(ProjectConfigurationPlatforms) = postSolution
		{4E41838A-221B-4001-8601-052386F70793}.Debug|Any CPU.ActiveCfg = Debug|Any CPU
		{4E41838A-221B-4001-8601-052386F70793}.Debug|Any CPU.Build.0 = Debug|Any CPU
		{4E41838A-221B-4001-8601-052386F70793}.Release|Any CPU.ActiveCfg = Release|Any CPU
		{4E41838A-221B-4001-8601-052386F70793}.Release|Any CPU.Build.0 = Release|Any CPU
	EndGlobalSection
	GlobalSection(SolutionProperties) = preSolution
		HideSolutionNode = FALSE
	EndGlobalSection
	GlobalSection(NestedProjects) = preSolution
		{4E41838A-221B-4001-8601-052386F70793} = {A0092CAB-3C26-44FD-A4C1-A3B3DFBB44DE}
	EndGlobalSection
	GlobalSection(ExtensibilityGlobals) = postSolution
		SolutionGuid = {DD7080D4-BC9D-4AC5-9BA9-E848A56962D2}
	EndGlobalSection
EndGlobal
